
Microsoft Visual Studio Solution File, Format Version 12.00
# Visual Studio Version 17
VisualStudioVersion = 17.7.34031.279
MinimumVisualStudioVersion = 10.0.40219.1
Project("{2150E333-8FDC-42A3-9474-1A3956D46DE8}") = "Task0", "Task0", "{36BF1CF3-C658-47C7-A914-CF218E74D7D9}"
EndProject
Project("{FAE04EC0-301F-11D3-BF4B-00C04F79EFBC}") = "Tyuiu.ZairovAR.Sprint4.Task0.V24", "Tyuiu.ZairovAR.Sprint4.Task0.V24\Tyuiu.ZairovAR.Sprint4.Task0.V24.csproj", "{54C8E7A8-AC2A-4645-9C62-CB9B1A9242D3}"
EndProject
Project("{FAE04EC0-301F-11D3-BF4B-00C04F79EFBC}") = "Tyuiu.ZairovAR.Sprint4.Task0.V24.Lib", "Tyuiu.ZairovAR.Sprint4.Task0.V24.Lib\Tyuiu.ZairovAR.Sprint4.Task0.V24.Lib.csproj", "{96248790-D163-43E9-9408-A8165D8AB2A1}"
EndProject
Project("{FAE04EC0-301F-11D3-BF4B-00C04F79EFBC}") = "Tyuiu.ZairovAR.Sprint4.Task0.V24.Test", "Tyuiu.ZairovAR.Sprint4.Task0.V24.Test\Tyuiu.ZairovAR.Sprint4.Task0.V24.Test.csproj", "{081FA6DC-2AE8-4016-8CD3-664BF6B33DED}"
EndProject
Project("{2150E333-8FDC-42A3-9474-1A3956D46DE8}") = "Task1", "Task1", "{54FDBF5B-8E7A-4996-A671-C10ADBDF8E2B}"
EndProject
Project("{FAE04EC0-301F-11D3-BF4B-00C04F79EFBC}") = "Tyuiu.ZairovAR.Sprint4.Task1.V15.Test", "Tyuiu.ZairovAR.Sprint4.Task1.V15.Test\Tyuiu.ZairovAR.Sprint4.Task1.V15.Test.csproj", "{C8A52ED7-A0E0-4B63-9434-3B4E94F134D1}"
EndProject
Project("{FAE04EC0-301F-11D3-BF4B-00C04F79EFBC}") = "Tyuiu.ZairovAR.Sprint4.Task1.V15", "Tyuiu.ZairovAR.Sprint4.Task1.V15\Tyuiu.ZairovAR.Sprint4.Task1.V15.csproj", "{139F1D39-7E6D-4424-B3CD-45F4E4929DD1}"
EndProject
Project("{FAE04EC0-301F-11D3-BF4B-00C04F79EFBC}") = "Tyuiu.ZairovAR.Sprint4.Task1.V15.Lib", "Tyuiu.ZairovAR.Sprint4.Task1.V15.Lib\Tyuiu.ZairovAR.Sprint4.Task1.V15.Lib.csproj", "{BF203F8B-97B5-40F1-BE22-426DE5784A0F}"
EndProject
Project("{2150E333-8FDC-42A3-9474-1A3956D46DE8}") = "Task2", "Task2", "{D8CF78AF-03D3-442B-8170-CF3A2538F100}"
EndProject
Project("{FAE04EC0-301F-11D3-BF4B-00C04F79EFBC}") = "Tyuiu.ZairovAR.Sprint4.Task2.V8", "Tyuiu.ZairovAR.Sprint4.Task2.V8\Tyuiu.ZairovAR.Sprint4.Task2.V8.csproj", "{BF620D31-A86B-4DD1-99E9-FE2BDB0626A1}"
EndProject
Project("{FAE04EC0-301F-11D3-BF4B-00C04F79EFBC}") = "Tyuiu.ZairovAR.Sprint4.Task2.V8.Lib", "Tyuiu.ZairovAR.Sprint4.Task2.V8.Lib\Tyuiu.ZairovAR.Sprint4.Task2.V8.Lib.csproj", "{E3CAC1C6-5A23-404D-9477-04F80CB13A71}"
EndProject
Project("{FAE04EC0-301F-11D3-BF4B-00C04F79EFBC}") = "Tyuiu.ZairovAR.Sprint4.Task2.V8.Test", "Tyuiu.ZairovAR.Sprint4.Task2.V8.Test\Tyuiu.ZairovAR.Sprint4.Task2.V8.Test.csproj", "{C2EF39C5-484C-4351-B1A7-CB190402705E}"
EndProject
Project("{2150E333-8FDC-42A3-9474-1A3956D46DE8}") = "Task3", "Task3", "{3F9CFAF7-BF24-4F11-B699-A524C3FA017C}"
EndProject
Project("{FAE04EC0-301F-11D3-BF4B-00C04F79EFBC}") = "Tyuiu.ZairovAR.Sprint4.Task3.V10", "Tyuiu.ZairovAR.Sprint4.Task3.V10\Tyuiu.ZairovAR.Sprint4.Task3.V10.csproj", "{18801477-99C5-4166-B65B-30F35EF4970A}"
EndProject
Project("{FAE04EC0-301F-11D3-BF4B-00C04F79EFBC}") = "Tyuiu.ZairovAR.Sprint4.Task3.V10.Lib", "Tyuiu.ZairovAR.Sprint4.Task3.V10.Lib\Tyuiu.ZairovAR.Sprint4.Task3.V10.Lib.csproj", "{7A75E02E-6CC7-4AE3-8305-5856A378951B}"
EndProject
Project("{FAE04EC0-301F-11D3-BF4B-00C04F79EFBC}") = "Tyuiu.ZairovAR.Sprint4.Task3.V10.Test", "Tyuiu.ZairovAR.Sprint4.Task3.V10.Test\Tyuiu.ZairovAR.Sprint4.Task3.V10.Test.csproj", "{53AAA9CD-91BB-443B-8338-550B14B5F3D1}"
EndProject
Project("{2150E333-8FDC-42A3-9474-1A3956D46DE8}") = "Task4", "Task4", "{845D8565-D78D-4ED1-B42E-0293DD080F3D}"
EndProject
Project("{FAE04EC0-301F-11D3-BF4B-00C04F79EFBC}") = "Tyuiu.ZairovAR.Sprint4.Task4.V28", "Tyuiu.ZairovAR.Sprint4.Task4.V28\Tyuiu.ZairovAR.Sprint4.Task4.V28.csproj", "{C3AFD710-86FA-4307-B26E-C5DDCD384308}"
EndProject
Project("{FAE04EC0-301F-11D3-BF4B-00C04F79EFBC}") = "Tyuiu.ZairovAR.Sprint4.Task4.V28.Lib", "Tyuiu.ZairovAR.Sprint4.Task4.V28.Lib\Tyuiu.ZairovAR.Sprint4.Task4.V28.Lib.csproj", "{F2E3CC79-9D48-4209-8F07-EC5D86F6B671}"
EndProject
Project("{FAE04EC0-301F-11D3-BF4B-00C04F79EFBC}") = "Tyuiu.ZairovAR.Sprint4.Task4.V28.Test", "Tyuiu.ZairovAR.Sprint4.Task4.V28.Test\Tyuiu.ZairovAR.Sprint4.Task4.V28.Test.csproj", "{CD24ABFC-6576-44AB-BE38-BCAB01AF6AF1}"
EndProject
Project("{2150E333-8FDC-42A3-9474-1A3956D46DE8}") = "Task5", "Task5", "{26A13ABB-F01C-4A77-AD3C-40096238A2AF}"
EndProject
Project("{FAE04EC0-301F-11D3-BF4B-00C04F79EFBC}") = "Tyuiu.ZairovAR.Sprint4.Task5.V11", "Tyuiu.ZairovAR.Sprint4.Task5.V11\Tyuiu.ZairovAR.Sprint4.Task5.V11.csproj", "{19C76612-736F-41EF-867B-EB6A18BBA6F3}"
EndProject
Project("{FAE04EC0-301F-11D3-BF4B-00C04F79EFBC}") = "Tyuiu.ZairovAR.Sprint4.Task5.V11.Lib", "Tyuiu.ZairovAR.Sprint4.Task5.V11.Lib\Tyuiu.ZairovAR.Sprint4.Task5.V11.Lib.csproj", "{F9FF6058-4373-4754-8F12-62AF73A63CA7}"
EndProject
Project("{FAE04EC0-301F-11D3-BF4B-00C04F79EFBC}") = "Tyuiu.ZairovAR.Sprint4.Task5.V11.Test", "Tyuiu.ZairovAR.Sprint4.Task5.V11.Test\Tyuiu.ZairovAR.Sprint4.Task5.V11.Test.csproj", "{0AF961DC-BAB6-4590-815E-9C444EE42827}"
EndProject
Project("{2150E333-8FDC-42A3-9474-1A3956D46DE8}") = "Task6", "Task6", "{5C220146-33B4-4E2A-8D37-98ECB54187EA}"
EndProject
Project("{FAE04EC0-301F-11D3-BF4B-00C04F79EFBC}") = "Tyuiu.ZairovAR.Sprint4.Task6.V17", "Tyuiu.ZairovAR.Sprint4.Task6.V17\Tyuiu.ZairovAR.Sprint4.Task6.V17.csproj", "{EE371291-9D25-40DB-A847-20AA4C1C5511}"
EndProject
Project("{FAE04EC0-301F-11D3-BF4B-00C04F79EFBC}") = "Tyuiu.ZairovAR.Sprint4.Task6.V17.Lib", "Tyuiu.ZairovAR.Sprint4.Task6.V17.Lib\Tyuiu.ZairovAR.Sprint4.Task6.V17.Lib.csproj", "{BECF522D-BC3F-4D59-A72D-295DD531FC83}"
EndProject
Project("{FAE04EC0-301F-11D3-BF4B-00C04F79EFBC}") = "Tyuiu.ZairovAR.Sprint4.Task6.V17.Test", "Tyuiu.ZairovAR.Sprint4.Task6.V17.Test\Tyuiu.ZairovAR.Sprint4.Task6.V17.Test.csproj", "{A2B94F7D-1D31-488F-A7CC-EAF7473A4B81}"
EndProject
Project("{2150E333-8FDC-42A3-9474-1A3956D46DE8}") = "Task7", "Task7", "{28E4857B-9272-42A0-829B-34ECB56C1BE9}"
EndProject
Project("{FAE04EC0-301F-11D3-BF4B-00C04F79EFBC}") = "Tyuiu.ZairovAR.Sprint4.Task7.V18", "Tyuiu.ZairovAR.Sprint4.Task7.V18\Tyuiu.ZairovAR.Sprint4.Task7.V18.csproj", "{64FC1DD6-D9C7-4484-BA09-367FCD875E68}"
EndProject
Project("{FAE04EC0-301F-11D3-BF4B-00C04F79EFBC}") = "Tyuiu.ZairovAR.Sprint4.Task7.V18.Lib", "Tyuiu.ZairovAR.Sprint4.Task7.V18.Lib\Tyuiu.ZairovAR.Sprint4.Task7.V18.Lib.csproj", "{41F94A44-2772-46DD-B1C0-3DBB8A9808FF}"
EndProject
Project("{FAE04EC0-301F-11D3-BF4B-00C04F79EFBC}") = "Tyuiu.ZairovAR.Sprint4.Task7.V18.Test", "Tyuiu.ZairovAR.Sprint4.Task7.V18.Test\Tyuiu.ZairovAR.Sprint4.Task7.V18.Test.csproj", "{AC40C95C-913E-4DFC-8D77-6D63FA179735}"
EndProject
Global
	GlobalSection(SolutionConfigurationPlatforms) = preSolution
		Debug|Any CPU = Debug|Any CPU
		Release|Any CPU = Release|Any CPU
	EndGlobalSection
	GlobalSection(ProjectConfigurationPlatforms) = postSolution
		{54C8E7A8-AC2A-4645-9C62-CB9B1A9242D3}.Debug|Any CPU.ActiveCfg = Debug|Any CPU
		{54C8E7A8-AC2A-4645-9C62-CB9B1A9242D3}.Debug|Any CPU.Build.0 = Debug|Any CPU
		{54C8E7A8-AC2A-4645-9C62-CB9B1A9242D3}.Release|Any CPU.ActiveCfg = Release|Any CPU
		{54C8E7A8-AC2A-4645-9C62-CB9B1A9242D3}.Release|Any CPU.Build.0 = Release|Any CPU
		{96248790-D163-43E9-9408-A8165D8AB2A1}.Debug|Any CPU.ActiveCfg = Debug|Any CPU
		{96248790-D163-43E9-9408-A8165D8AB2A1}.Debug|Any CPU.Build.0 = Debug|Any CPU
		{96248790-D163-43E9-9408-A8165D8AB2A1}.Release|Any CPU.ActiveCfg = Release|Any CPU
		{96248790-D163-43E9-9408-A8165D8AB2A1}.Release|Any CPU.Build.0 = Release|Any CPU
		{081FA6DC-2AE8-4016-8CD3-664BF6B33DED}.Debug|Any CPU.ActiveCfg = Debug|Any CPU
		{081FA6DC-2AE8-4016-8CD3-664BF6B33DED}.Debug|Any CPU.Build.0 = Debug|Any CPU
		{081FA6DC-2AE8-4016-8CD3-664BF6B33DED}.Release|Any CPU.ActiveCfg = Release|Any CPU
		{081FA6DC-2AE8-4016-8CD3-664BF6B33DED}.Release|Any CPU.Build.0 = Release|Any CPU
		{C8A52ED7-A0E0-4B63-9434-3B4E94F134D1}.Debug|Any CPU.ActiveCfg = Debug|Any CPU
		{C8A52ED7-A0E0-4B63-9434-3B4E94F134D1}.Debug|Any CPU.Build.0 = Debug|Any CPU
		{C8A52ED7-A0E0-4B63-9434-3B4E94F134D1}.Release|Any CPU.ActiveCfg = Release|Any CPU
		{C8A52ED7-A0E0-4B63-9434-3B4E94F134D1}.Release|Any CPU.Build.0 = Release|Any CPU
		{139F1D39-7E6D-4424-B3CD-45F4E4929DD1}.Debug|Any CPU.ActiveCfg = Debug|Any CPU
		{139F1D39-7E6D-4424-B3CD-45F4E4929DD1}.Debug|Any CPU.Build.0 = Debug|Any CPU
		{139F1D39-7E6D-4424-B3CD-45F4E4929DD1}.Release|Any CPU.ActiveCfg = Release|Any CPU
		{139F1D39-7E6D-4424-B3CD-45F4E4929DD1}.Release|Any CPU.Build.0 = Release|Any CPU
		{BF203F8B-97B5-40F1-BE22-426DE5784A0F}.Debug|Any CPU.ActiveCfg = Debug|Any CPU
		{BF203F8B-97B5-40F1-BE22-426DE5784A0F}.Debug|Any CPU.Build.0 = Debug|Any CPU
		{BF203F8B-97B5-40F1-BE22-426DE5784A0F}.Release|Any CPU.ActiveCfg = Release|Any CPU
		{BF203F8B-97B5-40F1-BE22-426DE5784A0F}.Release|Any CPU.Build.0 = Release|Any CPU
		{BF620D31-A86B-4DD1-99E9-FE2BDB0626A1}.Debug|Any CPU.ActiveCfg = Debug|Any CPU
		{BF620D31-A86B-4DD1-99E9-FE2BDB0626A1}.Debug|Any CPU.Build.0 = Debug|Any CPU
		{BF620D31-A86B-4DD1-99E9-FE2BDB0626A1}.Release|Any CPU.ActiveCfg = Release|Any CPU
		{BF620D31-A86B-4DD1-99E9-FE2BDB0626A1}.Release|Any CPU.Build.0 = Release|Any CPU
		{E3CAC1C6-5A23-404D-9477-04F80CB13A71}.Debug|Any CPU.ActiveCfg = Debug|Any CPU
		{E3CAC1C6-5A23-404D-9477-04F80CB13A71}.Debug|Any CPU.Build.0 = Debug|Any CPU
		{E3CAC1C6-5A23-404D-9477-04F80CB13A71}.Release|Any CPU.ActiveCfg = Release|Any CPU
		{E3CAC1C6-5A23-404D-9477-04F80CB13A71}.Release|Any CPU.Build.0 = Release|Any CPU
		{C2EF39C5-484C-4351-B1A7-CB190402705E}.Debug|Any CPU.ActiveCfg = Debug|Any CPU
		{C2EF39C5-484C-4351-B1A7-CB190402705E}.Debug|Any CPU.Build.0 = Debug|Any CPU
		{C2EF39C5-484C-4351-B1A7-CB190402705E}.Release|Any CPU.ActiveCfg = Release|Any CPU
		{C2EF39C5-484C-4351-B1A7-CB190402705E}.Release|Any CPU.Build.0 = Release|Any CPU
		{18801477-99C5-4166-B65B-30F35EF4970A}.Debug|Any CPU.ActiveCfg = Debug|Any CPU
		{18801477-99C5-4166-B65B-30F35EF4970A}.Debug|Any CPU.Build.0 = Debug|Any CPU
		{18801477-99C5-4166-B65B-30F35EF4970A}.Release|Any CPU.ActiveCfg = Release|Any CPU
		{18801477-99C5-4166-B65B-30F35EF4970A}.Release|Any CPU.Build.0 = Release|Any CPU
		{7A75E02E-6CC7-4AE3-8305-5856A378951B}.Debug|Any CPU.ActiveCfg = Debug|Any CPU
		{7A75E02E-6CC7-4AE3-8305-5856A378951B}.Debug|Any CPU.Build.0 = Debug|Any CPU
		{7A75E02E-6CC7-4AE3-8305-5856A378951B}.Release|Any CPU.ActiveCfg = Release|Any CPU
		{7A75E02E-6CC7-4AE3-8305-5856A378951B}.Release|Any CPU.Build.0 = Release|Any CPU
		{53AAA9CD-91BB-443B-8338-550B14B5F3D1}.Debug|Any CPU.ActiveCfg = Debug|Any CPU
		{53AAA9CD-91BB-443B-8338-550B14B5F3D1}.Debug|Any CPU.Build.0 = Debug|Any CPU
		{53AAA9CD-91BB-443B-8338-550B14B5F3D1}.Release|Any CPU.ActiveCfg = Release|Any CPU
		{53AAA9CD-91BB-443B-8338-550B14B5F3D1}.Release|Any CPU.Build.0 = Release|Any CPU
		{C3AFD710-86FA-4307-B26E-C5DDCD384308}.Debug|Any CPU.ActiveCfg = Debug|Any CPU
		{C3AFD710-86FA-4307-B26E-C5DDCD384308}.Debug|Any CPU.Build.0 = Debug|Any CPU
		{C3AFD710-86FA-4307-B26E-C5DDCD384308}.Release|Any CPU.ActiveCfg = Release|Any CPU
		{C3AFD710-86FA-4307-B26E-C5DDCD384308}.Release|Any CPU.Build.0 = Release|Any CPU
		{F2E3CC79-9D48-4209-8F07-EC5D86F6B671}.Debug|Any CPU.ActiveCfg = Debug|Any CPU
		{F2E3CC79-9D48-4209-8F07-EC5D86F6B671}.Debug|Any CPU.Build.0 = Debug|Any CPU
		{F2E3CC79-9D48-4209-8F07-EC5D86F6B671}.Release|Any CPU.ActiveCfg = Release|Any CPU
		{F2E3CC79-9D48-4209-8F07-EC5D86F6B671}.Release|Any CPU.Build.0 = Release|Any CPU
		{CD24ABFC-6576-44AB-BE38-BCAB01AF6AF1}.Debug|Any CPU.ActiveCfg = Debug|Any CPU
		{CD24ABFC-6576-44AB-BE38-BCAB01AF6AF1}.Debug|Any CPU.Build.0 = Debug|Any CPU
		{CD24ABFC-6576-44AB-BE38-BCAB01AF6AF1}.Release|Any CPU.ActiveCfg = Release|Any CPU
		{CD24ABFC-6576-44AB-BE38-BCAB01AF6AF1}.Release|Any CPU.Build.0 = Release|Any CPU
		{19C76612-736F-41EF-867B-EB6A18BBA6F3}.Debug|Any CPU.ActiveCfg = Debug|Any CPU
		{19C76612-736F-41EF-867B-EB6A18BBA6F3}.Debug|Any CPU.Build.0 = Debug|Any CPU
		{19C76612-736F-41EF-867B-EB6A18BBA6F3}.Release|Any CPU.ActiveCfg = Release|Any CPU
		{19C76612-736F-41EF-867B-EB6A18BBA6F3}.Release|Any CPU.Build.0 = Release|Any CPU
		{F9FF6058-4373-4754-8F12-62AF73A63CA7}.Debug|Any CPU.ActiveCfg = Debug|Any CPU
		{F9FF6058-4373-4754-8F12-62AF73A63CA7}.Debug|Any CPU.Build.0 = Debug|Any CPU
		{F9FF6058-4373-4754-8F12-62AF73A63CA7}.Release|Any CPU.ActiveCfg = Release|Any CPU
		{F9FF6058-4373-4754-8F12-62AF73A63CA7}.Release|Any CPU.Build.0 = Release|Any CPU
		{0AF961DC-BAB6-4590-815E-9C444EE42827}.Debug|Any CPU.ActiveCfg = Debug|Any CPU
		{0AF961DC-BAB6-4590-815E-9C444EE42827}.Debug|Any CPU.Build.0 = Debug|Any CPU
		{0AF961DC-BAB6-4590-815E-9C444EE42827}.Release|Any CPU.ActiveCfg = Release|Any CPU
		{0AF961DC-BAB6-4590-815E-9C444EE42827}.Release|Any CPU.Build.0 = Release|Any CPU
		{EE371291-9D25-40DB-A847-20AA4C1C5511}.Debug|Any CPU.ActiveCfg = Debug|Any CPU
		{EE371291-9D25-40DB-A847-20AA4C1C5511}.Debug|Any CPU.Build.0 = Debug|Any CPU
		{EE371291-9D25-40DB-A847-20AA4C1C5511}.Release|Any CPU.ActiveCfg = Release|Any CPU
		{EE371291-9D25-40DB-A847-20AA4C1C5511}.Release|Any CPU.Build.0 = Release|Any CPU
		{BECF522D-BC3F-4D59-A72D-295DD531FC83}.Debug|Any CPU.ActiveCfg = Debug|Any CPU
		{BECF522D-BC3F-4D59-A72D-295DD531FC83}.Debug|Any CPU.Build.0 = Debug|Any CPU
		{BECF522D-BC3F-4D59-A72D-295DD531FC83}.Release|Any CPU.ActiveCfg = Release|Any CPU
		{BECF522D-BC3F-4D59-A72D-295DD531FC83}.Release|Any CPU.Build.0 = Release|Any CPU
		{A2B94F7D-1D31-488F-A7CC-EAF7473A4B81}.Debug|Any CPU.ActiveCfg = Debug|Any CPU
		{A2B94F7D-1D31-488F-A7CC-EAF7473A4B81}.Debug|Any CPU.Build.0 = Debug|Any CPU
		{A2B94F7D-1D31-488F-A7CC-EAF7473A4B81}.Release|Any CPU.ActiveCfg = Release|Any CPU
		{A2B94F7D-1D31-488F-A7CC-EAF7473A4B81}.Release|Any CPU.Build.0 = Release|Any CPU
		{64FC1DD6-D9C7-4484-BA09-367FCD875E68}.Debug|Any CPU.ActiveCfg = Debug|Any CPU
		{64FC1DD6-D9C7-4484-BA09-367FCD875E68}.Debug|Any CPU.Build.0 = Debug|Any CPU
		{64FC1DD6-D9C7-4484-BA09-367FCD875E68}.Release|Any CPU.ActiveCfg = Release|Any CPU
		{64FC1DD6-D9C7-4484-BA09-367FCD875E68}.Release|Any CPU.Build.0 = Release|Any CPU
		{41F94A44-2772-46DD-B1C0-3DBB8A9808FF}.Debug|Any CPU.ActiveCfg = Debug|Any CPU
		{41F94A44-2772-46DD-B1C0-3DBB8A9808FF}.Debug|Any CPU.Build.0 = Debug|Any CPU
		{41F94A44-2772-46DD-B1C0-3DBB8A9808FF}.Release|Any CPU.ActiveCfg = Release|Any CPU
		{41F94A44-2772-46DD-B1C0-3DBB8A9808FF}.Release|Any CPU.Build.0 = Release|Any CPU
		{AC40C95C-913E-4DFC-8D77-6D63FA179735}.Debug|Any CPU.ActiveCfg = Debug|Any CPU
		{AC40C95C-913E-4DFC-8D77-6D63FA179735}.Debug|Any CPU.Build.0 = Debug|Any CPU
		{AC40C95C-913E-4DFC-8D77-6D63FA179735}.Release|Any CPU.ActiveCfg = Release|Any CPU
		{AC40C95C-913E-4DFC-8D77-6D63FA179735}.Release|Any CPU.Build.0 = Release|Any CPU
	EndGlobalSection
	GlobalSection(SolutionProperties) = preSolution
		HideSolutionNode = FALSE
	EndGlobalSection
	GlobalSection(NestedProjects) = preSolution
		{54C8E7A8-AC2A-4645-9C62-CB9B1A9242D3} = {36BF1CF3-C658-47C7-A914-CF218E74D7D9}
		{96248790-D163-43E9-9408-A8165D8AB2A1} = {36BF1CF3-C658-47C7-A914-CF218E74D7D9}
		{081FA6DC-2AE8-4016-8CD3-664BF6B33DED} = {36BF1CF3-C658-47C7-A914-CF218E74D7D9}
		{C8A52ED7-A0E0-4B63-9434-3B4E94F134D1} = {54FDBF5B-8E7A-4996-A671-C10ADBDF8E2B}
		{139F1D39-7E6D-4424-B3CD-45F4E4929DD1} = {54FDBF5B-8E7A-4996-A671-C10ADBDF8E2B}
		{BF203F8B-97B5-40F1-BE22-426DE5784A0F} = {54FDBF5B-8E7A-4996-A671-C10ADBDF8E2B}
		{BF620D31-A86B-4DD1-99E9-FE2BDB0626A1} = {D8CF78AF-03D3-442B-8170-CF3A2538F100}
		{E3CAC1C6-5A23-404D-9477-04F80CB13A71} = {D8CF78AF-03D3-442B-8170-CF3A2538F100}
		{C2EF39C5-484C-4351-B1A7-CB190402705E} = {D8CF78AF-03D3-442B-8170-CF3A2538F100}
		{18801477-99C5-4166-B65B-30F35EF4970A} = {3F9CFAF7-BF24-4F11-B699-A524C3FA017C}
		{7A75E02E-6CC7-4AE3-8305-5856A378951B} = {3F9CFAF7-BF24-4F11-B699-A524C3FA017C}
		{53AAA9CD-91BB-443B-8338-550B14B5F3D1} = {3F9CFAF7-BF24-4F11-B699-A524C3FA017C}
		{C3AFD710-86FA-4307-B26E-C5DDCD384308} = {845D8565-D78D-4ED1-B42E-0293DD080F3D}
		{F2E3CC79-9D48-4209-8F07-EC5D86F6B671} = {845D8565-D78D-4ED1-B42E-0293DD080F3D}
		{CD24ABFC-6576-44AB-BE38-BCAB01AF6AF1} = {845D8565-D78D-4ED1-B42E-0293DD080F3D}
		{19C76612-736F-41EF-867B-EB6A18BBA6F3} = {26A13ABB-F01C-4A77-AD3C-40096238A2AF}
		{F9FF6058-4373-4754-8F12-62AF73A63CA7} = {26A13ABB-F01C-4A77-AD3C-40096238A2AF}
		{0AF961DC-BAB6-4590-815E-9C444EE42827} = {26A13ABB-F01C-4A77-AD3C-40096238A2AF}
		{EE371291-9D25-40DB-A847-20AA4C1C5511} = {5C220146-33B4-4E2A-8D37-98ECB54187EA}
		{BECF522D-BC3F-4D59-A72D-295DD531FC83} = {5C220146-33B4-4E2A-8D37-98ECB54187EA}
		{A2B94F7D-1D31-488F-A7CC-EAF7473A4B81} = {5C220146-33B4-4E2A-8D37-98ECB54187EA}
		{64FC1DD6-D9C7-4484-BA09-367FCD875E68} = {28E4857B-9272-42A0-829B-34ECB56C1BE9}
		{41F94A44-2772-46DD-B1C0-3DBB8A9808FF} = {28E4857B-9272-42A0-829B-34ECB56C1BE9}
		{AC40C95C-913E-4DFC-8D77-6D63FA179735} = {28E4857B-9272-42A0-829B-34ECB56C1BE9}
	EndGlobalSection
	GlobalSection(ExtensibilityGlobals) = postSolution
		SolutionGuid = {6CB46864-D0C1-40B6-9953-22DCD3E81EF2}
	EndGlobalSection
EndGlobal
